// !$*UTF8*$!
{
	archiveVersion = 1;
	classes = {
	};
	objectVersion = 50;
	objects = {

/* Begin PBXBuildFile section */
		2F6760C324FF6AD200708390 /* AppDelegate.swift in Sources */ = {isa = PBXBuildFile; fileRef = 2F6760C224FF6AD200708390 /* AppDelegate.swift */; };
		2F6760C524FF6AD200708390 /* SceneDelegate.swift in Sources */ = {isa = PBXBuildFile; fileRef = 2F6760C424FF6AD200708390 /* SceneDelegate.swift */; };
		2F6760C724FF6AD200708390 /* ContentView.swift in Sources */ = {isa = PBXBuildFile; fileRef = 2F6760C624FF6AD200708390 /* ContentView.swift */; };
		2F6760C924FF6AD300708390 /* Assets.xcassets in Resources */ = {isa = PBXBuildFile; fileRef = 2F6760C824FF6AD300708390 /* Assets.xcassets */; };
		2F6760CC24FF6AD300708390 /* Preview Assets.xcassets in Resources */ = {isa = PBXBuildFile; fileRef = 2F6760CB24FF6AD300708390 /* Preview Assets.xcassets */; };
		2F6760CF24FF6AD300708390 /* LaunchScreen.storyboard in Resources */ = {isa = PBXBuildFile; fileRef = 2F6760CD24FF6AD300708390 /* LaunchScreen.storyboard */; };
		2F6760DA24FF6AD300708390 /* EcoRewardTests.swift in Sources */ = {isa = PBXBuildFile; fileRef = 2F6760D924FF6AD300708390 /* EcoRewardTests.swift */; };
		2F6760E524FF6AD300708390 /* EcoRewardUITests.swift in Sources */ = {isa = PBXBuildFile; fileRef = 2F6760E424FF6AD300708390 /* EcoRewardUITests.swift */; };
		B0BE256524FF709B00B93784 /* Preview Assets.xcassets in Resources */ = {isa = PBXBuildFile; fileRef = B0BE255024FF709900B93784 /* Preview Assets.xcassets */; };
		B0BE256624FF709B00B93784 /* AppDelegate.swift in Sources */ = {isa = PBXBuildFile; fileRef = B0BE255124FF709900B93784 /* AppDelegate.swift */; };
		B0BE256724FF709B00B93784 /* RewardsView.swift in Sources */ = {isa = PBXBuildFile; fileRef = B0BE255224FF709900B93784 /* RewardsView.swift */; };
		B0BE256824FF709B00B93784 /* HomePage.swift in Sources */ = {isa = PBXBuildFile; fileRef = B0BE255324FF709900B93784 /* HomePage.swift */; };
		B0BE256924FF709B00B93784 /* LaunchScreen.storyboard in Resources */ = {isa = PBXBuildFile; fileRef = B0BE255424FF709900B93784 /* LaunchScreen.storyboard */; };
		B0BE256A24FF709B00B93784 /* Post.swift in Sources */ = {isa = PBXBuildFile; fileRef = B0BE255524FF709A00B93784 /* Post.swift */; };
		B0BE256B24FF709B00B93784 /* ContentView.swift in Sources */ = {isa = PBXBuildFile; fileRef = B0BE255624FF709A00B93784 /* ContentView.swift */; };
		B0BE256C24FF709B00B93784 /* PostListData_recommend_1 copy.json in Resources */ = {isa = PBXBuildFile; fileRef = B0BE255824FF709A00B93784 /* PostListData_recommend_1 copy.json */; };
		B0BE256D24FF709B00B93784 /* coupon1.jpg in Resources */ = {isa = PBXBuildFile; fileRef = B0BE255924FF709A00B93784 /* coupon1.jpg */; };
		B0BE256E24FF709B00B93784 /* coupon3.jpg in Resources */ = {isa = PBXBuildFile; fileRef = B0BE255A24FF709A00B93784 /* coupon3.jpg */; };
		B0BE256F24FF709B00B93784 /* Request-for-Corgi-Clip-Art-2016070754.png in Resources */ = {isa = PBXBuildFile; fileRef = B0BE255B24FF709A00B93784 /* Request-for-Corgi-Clip-Art-2016070754.png */; };
		B0BE257024FF709B00B93784 /* coupon2.jpg in Resources */ = {isa = PBXBuildFile; fileRef = B0BE255C24FF709A00B93784 /* coupon2.jpg */; };
		B0BE257124FF709B00B93784 /* iconfinder_Puppy_5439767.png in Resources */ = {isa = PBXBuildFile; fileRef = B0BE255D24FF709A00B93784 /* iconfinder_Puppy_5439767.png */; };
		B0BE257224FF709B00B93784 /* background.png in Resources */ = {isa = PBXBuildFile; fileRef = B0BE255E24FF709A00B93784 /* background.png */; };
		B0BE257324FF709B00B93784 /* SceneDelegate.swift in Sources */ = {isa = PBXBuildFile; fileRef = B0BE255F24FF709A00B93784 /* SceneDelegate.swift */; };
		B0BE257424FF709B00B93784 /* RewardsNavView.swift in Sources */ = {isa = PBXBuildFile; fileRef = B0BE256024FF709A00B93784 /* RewardsNavView.swift */; };
		B0BE257524FF709B00B93784 /* CherryHomePage.swift in Sources */ = {isa = PBXBuildFile; fileRef = B0BE256124FF709A00B93784 /* CherryHomePage.swift */; };
		B0BE257624FF709B00B93784 /* Info.plist in Resources */ = {isa = PBXBuildFile; fileRef = B0BE256224FF709B00B93784 /* Info.plist */; };
		B0BE257724FF709B00B93784 /* Assets.xcassets in Resources */ = {isa = PBXBuildFile; fileRef = B0BE256324FF709B00B93784 /* Assets.xcassets */; };
		B0BE257824FF709B00B93784 /* vipBadge.swift in Sources */ = {isa = PBXBuildFile; fileRef = B0BE256424FF709B00B93784 /* vipBadge.swift */; };
		DFEDB5B424FF766B00D46DBE /* QRscanerController.swift in Sources */ = {isa = PBXBuildFile; fileRef = DFEDB5AB24FF766B00D46DBE /* QRscanerController.swift */; };
		DFEDB5B524FF766C00D46DBE /* Assets.xcassets in Resources */ = {isa = PBXBuildFile; fileRef = DFEDB5AC24FF766B00D46DBE /* Assets.xcassets */; };
		DFEDB5B624FF766C00D46DBE /* LaunchScreen.storyboard in Resources */ = {isa = PBXBuildFile; fileRef = DFEDB5AD24FF766B00D46DBE /* LaunchScreen.storyboard */; };
		DFEDB5B724FF766C00D46DBE /* Main.storyboard in Resources */ = {isa = PBXBuildFile; fileRef = DFEDB5AF24FF766B00D46DBE /* Main.storyboard */; };
		DFEDB5B824FF766C00D46DBE /* AppDelegate.swift in Sources */ = {isa = PBXBuildFile; fileRef = DFEDB5B124FF766B00D46DBE /* AppDelegate.swift */; };
		DFEDB5B924FF766C00D46DBE /* Info.plist in Resources */ = {isa = PBXBuildFile; fileRef = DFEDB5B224FF766B00D46DBE /* Info.plist */; };
		DFEDB5BA24FF766C00D46DBE /* SceneDelegate.swift in Sources */ = {isa = PBXBuildFile; fileRef = DFEDB5B324FF766B00D46DBE /* SceneDelegate.swift */; };
/* End PBXBuildFile section */

/* Begin PBXContainerItemProxy section */
		2F6760D624FF6AD300708390 /* PBXContainerItemProxy */ = {
			isa = PBXContainerItemProxy;
			containerPortal = 2F6760B724FF6AD200708390 /* Project object */;
			proxyType = 1;
			remoteGlobalIDString = 2F6760BE24FF6AD200708390;
			remoteInfo = EcoReward;
		};
		2F6760E124FF6AD300708390 /* PBXContainerItemProxy */ = {
			isa = PBXContainerItemProxy;
			containerPortal = 2F6760B724FF6AD200708390 /* Project object */;
			proxyType = 1;
			remoteGlobalIDString = 2F6760BE24FF6AD200708390;
			remoteInfo = EcoReward;
		};
/* End PBXContainerItemProxy section */

/* Begin PBXFileReference section */
		2F6760BF24FF6AD200708390 /* EcoReward.app */ = {isa = PBXFileReference; explicitFileType = wrapper.application; includeInIndex = 0; path = EcoReward.app; sourceTree = BUILT_PRODUCTS_DIR; };
		2F6760C224FF6AD200708390 /* AppDelegate.swift */ = {isa = PBXFileReference; lastKnownFileType = sourcecode.swift; path = AppDelegate.swift; sourceTree = "<group>"; };
		2F6760C424FF6AD200708390 /* SceneDelegate.swift */ = {isa = PBXFileReference; lastKnownFileType = sourcecode.swift; path = SceneDelegate.swift; sourceTree = "<group>"; };
		2F6760C624FF6AD200708390 /* ContentView.swift */ = {isa = PBXFileReference; lastKnownFileType = sourcecode.swift; path = ContentView.swift; sourceTree = "<group>"; };
		2F6760C824FF6AD300708390 /* Assets.xcassets */ = {isa = PBXFileReference; lastKnownFileType = folder.assetcatalog; path = Assets.xcassets; sourceTree = "<group>"; };
		2F6760CB24FF6AD300708390 /* Preview Assets.xcassets */ = {isa = PBXFileReference; lastKnownFileType = folder.assetcatalog; path = "Preview Assets.xcassets"; sourceTree = "<group>"; };
		2F6760CE24FF6AD300708390 /* Base */ = {isa = PBXFileReference; lastKnownFileType = file.storyboard; name = Base; path = Base.lproj/LaunchScreen.storyboard; sourceTree = "<group>"; };
		2F6760D024FF6AD300708390 /* Info.plist */ = {isa = PBXFileReference; lastKnownFileType = text.plist.xml; path = Info.plist; sourceTree = "<group>"; };
		2F6760D524FF6AD300708390 /* EcoRewardTests.xctest */ = {isa = PBXFileReference; explicitFileType = wrapper.cfbundle; includeInIndex = 0; path = EcoRewardTests.xctest; sourceTree = BUILT_PRODUCTS_DIR; };
		2F6760D924FF6AD300708390 /* EcoRewardTests.swift */ = {isa = PBXFileReference; lastKnownFileType = sourcecode.swift; path = EcoRewardTests.swift; sourceTree = "<group>"; };
		2F6760DB24FF6AD300708390 /* Info.plist */ = {isa = PBXFileReference; lastKnownFileType = text.plist.xml; path = Info.plist; sourceTree = "<group>"; };
		2F6760E024FF6AD300708390 /* EcoRewardUITests.xctest */ = {isa = PBXFileReference; explicitFileType = wrapper.cfbundle; includeInIndex = 0; path = EcoRewardUITests.xctest; sourceTree = BUILT_PRODUCTS_DIR; };
		2F6760E424FF6AD300708390 /* EcoRewardUITests.swift */ = {isa = PBXFileReference; lastKnownFileType = sourcecode.swift; path = EcoRewardUITests.swift; sourceTree = "<group>"; };
		2F6760E624FF6AD300708390 /* Info.plist */ = {isa = PBXFileReference; lastKnownFileType = text.plist.xml; path = Info.plist; sourceTree = "<group>"; };
		B0BE255024FF709900B93784 /* Preview Assets.xcassets */ = {isa = PBXFileReference; lastKnownFileType = folder.assetcatalog; path = "Preview Assets.xcassets"; sourceTree = "<group>"; };
		B0BE255124FF709900B93784 /* AppDelegate.swift */ = {isa = PBXFileReference; fileEncoding = 4; lastKnownFileType = sourcecode.swift; path = AppDelegate.swift; sourceTree = "<group>"; };
		B0BE255224FF709900B93784 /* RewardsView.swift */ = {isa = PBXFileReference; fileEncoding = 4; lastKnownFileType = sourcecode.swift; path = RewardsView.swift; sourceTree = "<group>"; };
		B0BE255324FF709900B93784 /* HomePage.swift */ = {isa = PBXFileReference; fileEncoding = 4; lastKnownFileType = sourcecode.swift; path = HomePage.swift; sourceTree = "<group>"; };
		B0BE255424FF709900B93784 /* LaunchScreen.storyboard */ = {isa = PBXFileReference; fileEncoding = 4; lastKnownFileType = file.storyboard; path = LaunchScreen.storyboard; sourceTree = "<group>"; };
		B0BE255524FF709A00B93784 /* Post.swift */ = {isa = PBXFileReference; fileEncoding = 4; lastKnownFileType = sourcecode.swift; path = Post.swift; sourceTree = "<group>"; };
		B0BE255624FF709A00B93784 /* ContentView.swift */ = {isa = PBXFileReference; fileEncoding = 4; lastKnownFileType = sourcecode.swift; path = ContentView.swift; sourceTree = "<group>"; };
		B0BE255824FF709A00B93784 /* PostListData_recommend_1 copy.json */ = {isa = PBXFileReference; fileEncoding = 4; lastKnownFileType = text.json; path = "PostListData_recommend_1 copy.json"; sourceTree = "<group>"; };
		B0BE255924FF709A00B93784 /* coupon1.jpg */ = {isa = PBXFileReference; lastKnownFileType = image.jpeg; path = coupon1.jpg; sourceTree = "<group>"; };
		B0BE255A24FF709A00B93784 /* coupon3.jpg */ = {isa = PBXFileReference; lastKnownFileType = image.jpeg; path = coupon3.jpg; sourceTree = "<group>"; };
		B0BE255B24FF709A00B93784 /* Request-for-Corgi-Clip-Art-2016070754.png */ = {isa = PBXFileReference; lastKnownFileType = image.png; path = "Request-for-Corgi-Clip-Art-2016070754.png"; sourceTree = "<group>"; };
		B0BE255C24FF709A00B93784 /* coupon2.jpg */ = {isa = PBXFileReference; lastKnownFileType = image.jpeg; path = coupon2.jpg; sourceTree = "<group>"; };
		B0BE255D24FF709A00B93784 /* iconfinder_Puppy_5439767.png */ = {isa = PBXFileReference; lastKnownFileType = image.png; path = iconfinder_Puppy_5439767.png; sourceTree = "<group>"; };
		B0BE255E24FF709A00B93784 /* background.png */ = {isa = PBXFileReference; lastKnownFileType = image.png; path = background.png; sourceTree = "<group>"; };
		B0BE255F24FF709A00B93784 /* SceneDelegate.swift */ = {isa = PBXFileReference; fileEncoding = 4; lastKnownFileType = sourcecode.swift; path = SceneDelegate.swift; sourceTree = "<group>"; };
		B0BE256024FF709A00B93784 /* RewardsNavView.swift */ = {isa = PBXFileReference; fileEncoding = 4; lastKnownFileType = sourcecode.swift; path = RewardsNavView.swift; sourceTree = "<group>"; };
		B0BE256124FF709A00B93784 /* CherryHomePage.swift */ = {isa = PBXFileReference; fileEncoding = 4; lastKnownFileType = sourcecode.swift; path = CherryHomePage.swift; sourceTree = "<group>"; };
		B0BE256224FF709B00B93784 /* Info.plist */ = {isa = PBXFileReference; fileEncoding = 4; lastKnownFileType = text.plist.xml; path = Info.plist; sourceTree = "<group>"; };
		B0BE256324FF709B00B93784 /* Assets.xcassets */ = {isa = PBXFileReference; lastKnownFileType = folder.assetcatalog; path = Assets.xcassets; sourceTree = "<group>"; };
		B0BE256424FF709B00B93784 /* vipBadge.swift */ = {isa = PBXFileReference; fileEncoding = 4; lastKnownFileType = sourcecode.swift; path = vipBadge.swift; sourceTree = "<group>"; };
		DFEDB5AB24FF766B00D46DBE /* QRscanerController.swift */ = {isa = PBXFileReference; fileEncoding = 4; lastKnownFileType = sourcecode.swift; path = QRscanerController.swift; sourceTree = "<group>"; };
		DFEDB5AC24FF766B00D46DBE /* Assets.xcassets */ = {isa = PBXFileReference; lastKnownFileType = folder.assetcatalog; path = Assets.xcassets; sourceTree = "<group>"; };
		DFEDB5AE24FF766B00D46DBE /* Base */ = {isa = PBXFileReference; lastKnownFileType = file.storyboard; name = Base; path = Base.lproj/LaunchScreen.storyboard; sourceTree = "<group>"; };
		DFEDB5B024FF766B00D46DBE /* Base */ = {isa = PBXFileReference; lastKnownFileType = file.storyboard; name = Base; path = Base.lproj/Main.storyboard; sourceTree = "<group>"; };
		DFEDB5B124FF766B00D46DBE /* AppDelegate.swift */ = {isa = PBXFileReference; fileEncoding = 4; lastKnownFileType = sourcecode.swift; path = AppDelegate.swift; sourceTree = "<group>"; };
		DFEDB5B224FF766B00D46DBE /* Info.plist */ = {isa = PBXFileReference; fileEncoding = 4; lastKnownFileType = text.plist.xml; path = Info.plist; sourceTree = "<group>"; };
		DFEDB5B324FF766B00D46DBE /* SceneDelegate.swift */ = {isa = PBXFileReference; fileEncoding = 4; lastKnownFileType = sourcecode.swift; path = SceneDelegate.swift; sourceTree = "<group>"; };
/* End PBXFileReference section */

/* Begin PBXFrameworksBuildPhase section */
		2F6760BC24FF6AD200708390 /* Frameworks */ = {
			isa = PBXFrameworksBuildPhase;
			buildActionMask = 2147483647;
			files = (
			);
			runOnlyForDeploymentPostprocessing = 0;
		};
		2F6760D224FF6AD300708390 /* Frameworks */ = {
			isa = PBXFrameworksBuildPhase;
			buildActionMask = 2147483647;
			files = (
			);
			runOnlyForDeploymentPostprocessing = 0;
		};
		2F6760DD24FF6AD300708390 /* Frameworks */ = {
			isa = PBXFrameworksBuildPhase;
			buildActionMask = 2147483647;
			files = (
			);
			runOnlyForDeploymentPostprocessing = 0;
		};
/* End PBXFrameworksBuildPhase section */

/* Begin PBXGroup section */
		2F6760B624FF6AD200708390 = {
			isa = PBXGroup;
			children = (
				2F6760F424FF6B2B00708390 /* Home Page */,
				2F6760FC24FF6C5300708390 /* Product Screen */,
				2F6760F224FF6AE900708390 /* Camera */,
				2F6760F724FF6B5600708390 /* Coupon Page */,
				2F6760F524FF6B4700708390 /* Me Page */,
				2F6760FA24FF6BAC00708390 /* Signup Page */,
				2F6760F824FF6B9B00708390 /* Login Page */,
				2F6760FB24FF6BBE00708390 /* Lauching Page */,
				2F6760C124FF6AD200708390 /* EcoReward */,
				2F6760D824FF6AD300708390 /* EcoRewardTests */,
				2F6760E324FF6AD300708390 /* EcoRewardUITests */,
				2F6760C024FF6AD200708390 /* Products */,
			);
			sourceTree = "<group>";
		};
		2F6760C024FF6AD200708390 /* Products */ = {
			isa = PBXGroup;
			children = (
				2F6760BF24FF6AD200708390 /* EcoReward.app */,
				2F6760D524FF6AD300708390 /* EcoRewardTests.xctest */,
				2F6760E024FF6AD300708390 /* EcoRewardUITests.xctest */,
			);
			name = Products;
			sourceTree = "<group>";
		};
		2F6760C124FF6AD200708390 /* EcoReward */ = {
			isa = PBXGroup;
			children = (
				2F6760C224FF6AD200708390 /* AppDelegate.swift */,
				2F6760C424FF6AD200708390 /* SceneDelegate.swift */,
				2F6760C624FF6AD200708390 /* ContentView.swift */,
				2F6760C824FF6AD300708390 /* Assets.xcassets */,
				2F6760CD24FF6AD300708390 /* LaunchScreen.storyboard */,
				2F6760D024FF6AD300708390 /* Info.plist */,
				2F6760CA24FF6AD300708390 /* Preview Content */,
			);
			path = EcoReward;
			sourceTree = "<group>";
		};
		2F6760CA24FF6AD300708390 /* Preview Content */ = {
			isa = PBXGroup;
			children = (
				2F6760CB24FF6AD300708390 /* Preview Assets.xcassets */,
			);
			path = "Preview Content";
			sourceTree = "<group>";
		};
		2F6760D824FF6AD300708390 /* EcoRewardTests */ = {
			isa = PBXGroup;
			children = (
				2F6760D924FF6AD300708390 /* EcoRewardTests.swift */,
				2F6760DB24FF6AD300708390 /* Info.plist */,
			);
			path = EcoRewardTests;
			sourceTree = "<group>";
		};
		2F6760E324FF6AD300708390 /* EcoRewardUITests */ = {
			isa = PBXGroup;
			children = (
				2F6760E424FF6AD300708390 /* EcoRewardUITests.swift */,
				2F6760E624FF6AD300708390 /* Info.plist */,
			);
			path = EcoRewardUITests;
			sourceTree = "<group>";
		};
		2F6760F224FF6AE900708390 /* Camera */ = {
			isa = PBXGroup;
			children = (
				DFEDB5AA24FF766B00D46DBE /* QRtest */,
			);
			path = Camera;
			sourceTree = "<group>";
		};
		2F6760F424FF6B2B00708390 /* Home Page */ = {
			isa = PBXGroup;
			children = (
			);
			path = "Home Page";
			sourceTree = "<group>";
		};
		2F6760F524FF6B4700708390 /* Me Page */ = {
			isa = PBXGroup;
			children = (
			);
			path = "Me Page";
			sourceTree = "<group>";
		};
		2F6760F724FF6B5600708390 /* Coupon Page */ = {
			isa = PBXGroup;
			children = (
				B0BE255124FF709900B93784 /* AppDelegate.swift */,
				B0BE256324FF709B00B93784 /* Assets.xcassets */,
				B0BE256124FF709A00B93784 /* CherryHomePage.swift */,
				B0BE255624FF709A00B93784 /* ContentView.swift */,
				B0BE255324FF709900B93784 /* HomePage.swift */,
				B0BE256224FF709B00B93784 /* Info.plist */,
				B0BE255424FF709900B93784 /* LaunchScreen.storyboard */,
				B0BE255524FF709A00B93784 /* Post.swift */,
				B0BE254F24FF709900B93784 /* Preview Content */,
				B0BE255724FF709A00B93784 /* Resources */,
				B0BE256024FF709A00B93784 /* RewardsNavView.swift */,
				B0BE255224FF709900B93784 /* RewardsView.swift */,
				B0BE255F24FF709A00B93784 /* SceneDelegate.swift */,
				B0BE256424FF709B00B93784 /* vipBadge.swift */,
			);
			path = "Coupon Page";
			sourceTree = "<group>";
		};
		2F6760F824FF6B9B00708390 /* Login Page */ = {
			isa = PBXGroup;
			children = (
			);
			path = "Login Page";
			sourceTree = "<group>";
		};
		2F6760FA24FF6BAC00708390 /* Signup Page */ = {
			isa = PBXGroup;
			children = (
			);
			path = "Signup Page";
			sourceTree = "<group>";
		};
		2F6760FB24FF6BBE00708390 /* Lauching Page */ = {
			isa = PBXGroup;
			children = (
			);
			path = "Lauching Page";
			sourceTree = "<group>";
		};
		2F6760FC24FF6C5300708390 /* Product Screen */ = {
			isa = PBXGroup;
			children = (
			);
			path = "Product Screen";
			sourceTree = "<group>";
		};
		B0BE254F24FF709900B93784 /* Preview Content */ = {
			isa = PBXGroup;
			children = (
				B0BE255024FF709900B93784 /* Preview Assets.xcassets */,
			);
			path = "Preview Content";
			sourceTree = "<group>";
		};
		B0BE255724FF709A00B93784 /* Resources */ = {
			isa = PBXGroup;
			children = (
				B0BE255824FF709A00B93784 /* PostListData_recommend_1 copy.json */,
				B0BE255924FF709A00B93784 /* coupon1.jpg */,
				B0BE255A24FF709A00B93784 /* coupon3.jpg */,
				B0BE255B24FF709A00B93784 /* Request-for-Corgi-Clip-Art-2016070754.png */,
				B0BE255C24FF709A00B93784 /* coupon2.jpg */,
				B0BE255D24FF709A00B93784 /* iconfinder_Puppy_5439767.png */,
				B0BE255E24FF709A00B93784 /* background.png */,
			);
			path = Resources;
			sourceTree = "<group>";
		};
		DFEDB5AA24FF766B00D46DBE /* QRtest */ = {
			isa = PBXGroup;
			children = (
				DFEDB5AB24FF766B00D46DBE /* QRscanerController.swift */,
				DFEDB5AC24FF766B00D46DBE /* Assets.xcassets */,
				DFEDB5AD24FF766B00D46DBE /* LaunchScreen.storyboard */,
				DFEDB5AF24FF766B00D46DBE /* Main.storyboard */,
				DFEDB5B124FF766B00D46DBE /* AppDelegate.swift */,
				DFEDB5B224FF766B00D46DBE /* Info.plist */,
				DFEDB5B324FF766B00D46DBE /* SceneDelegate.swift */,
			);
			path = QRtest;
			sourceTree = "<group>";
		};
/* End PBXGroup section */

/* Begin PBXNativeTarget section */
		2F6760BE24FF6AD200708390 /* EcoReward */ = {
			isa = PBXNativeTarget;
			buildConfigurationList = 2F6760E924FF6AD300708390 /* Build configuration list for PBXNativeTarget "EcoReward" */;
			buildPhases = (
				2F6760BB24FF6AD200708390 /* Sources */,
				2F6760BC24FF6AD200708390 /* Frameworks */,
				2F6760BD24FF6AD200708390 /* Resources */,
			);
			buildRules = (
			);
			dependencies = (
			);
			name = EcoReward;
			productName = EcoReward;
			productReference = 2F6760BF24FF6AD200708390 /* EcoReward.app */;
			productType = "com.apple.product-type.application";
		};
		2F6760D424FF6AD300708390 /* EcoRewardTests */ = {
			isa = PBXNativeTarget;
			buildConfigurationList = 2F6760EC24FF6AD300708390 /* Build configuration list for PBXNativeTarget "EcoRewardTests" */;
			buildPhases = (
				2F6760D124FF6AD300708390 /* Sources */,
				2F6760D224FF6AD300708390 /* Frameworks */,
				2F6760D324FF6AD300708390 /* Resources */,
			);
			buildRules = (
			);
			dependencies = (
				2F6760D724FF6AD300708390 /* PBXTargetDependency */,
			);
			name = EcoRewardTests;
			productName = EcoRewardTests;
			productReference = 2F6760D524FF6AD300708390 /* EcoRewardTests.xctest */;
			productType = "com.apple.product-type.bundle.unit-test";
		};
		2F6760DF24FF6AD300708390 /* EcoRewardUITests */ = {
			isa = PBXNativeTarget;
			buildConfigurationList = 2F6760EF24FF6AD300708390 /* Build configuration list for PBXNativeTarget "EcoRewardUITests" */;
			buildPhases = (
				2F6760DC24FF6AD300708390 /* Sources */,
				2F6760DD24FF6AD300708390 /* Frameworks */,
				2F6760DE24FF6AD300708390 /* Resources */,
			);
			buildRules = (
			);
			dependencies = (
				2F6760E224FF6AD300708390 /* PBXTargetDependency */,
			);
			name = EcoRewardUITests;
			productName = EcoRewardUITests;
			productReference = 2F6760E024FF6AD300708390 /* EcoRewardUITests.xctest */;
			productType = "com.apple.product-type.bundle.ui-testing";
		};
/* End PBXNativeTarget section */

/* Begin PBXProject section */
		2F6760B724FF6AD200708390 /* Project object */ = {
			isa = PBXProject;
			attributes = {
				LastSwiftUpdateCheck = 1130;
				LastUpgradeCheck = 1130;
				ORGANIZATIONNAME = "Yang Xu";
				TargetAttributes = {
					2F6760BE24FF6AD200708390 = {
						CreatedOnToolsVersion = 11.3.1;
					};
					2F6760D424FF6AD300708390 = {
						CreatedOnToolsVersion = 11.3.1;
						TestTargetID = 2F6760BE24FF6AD200708390;
					};
					2F6760DF24FF6AD300708390 = {
						CreatedOnToolsVersion = 11.3.1;
						TestTargetID = 2F6760BE24FF6AD200708390;
					};
				};
			};
			buildConfigurationList = 2F6760BA24FF6AD200708390 /* Build configuration list for PBXProject "EcoReward" */;
			compatibilityVersion = "Xcode 9.3";
			developmentRegion = en;
			hasScannedForEncodings = 0;
			knownRegions = (
				en,
				Base,
			);
			mainGroup = 2F6760B624FF6AD200708390;
			productRefGroup = 2F6760C024FF6AD200708390 /* Products */;
			projectDirPath = "";
			projectRoot = "";
			targets = (
				2F6760BE24FF6AD200708390 /* EcoReward */,
				2F6760D424FF6AD300708390 /* EcoRewardTests */,
				2F6760DF24FF6AD300708390 /* EcoRewardUITests */,
			);
		};
/* End PBXProject section */

/* Begin PBXResourcesBuildPhase section */
		2F6760BD24FF6AD200708390 /* Resources */ = {
			isa = PBXResourcesBuildPhase;
			buildActionMask = 2147483647;
			files = (
				B0BE257024FF709B00B93784 /* coupon2.jpg in Resources */,
				B0BE257224FF709B00B93784 /* background.png in Resources */,
				DFEDB5B924FF766C00D46DBE /* Info.plist in Resources */,
				B0BE256C24FF709B00B93784 /* PostListData_recommend_1 copy.json in Resources */,
				B0BE256E24FF709B00B93784 /* coupon3.jpg in Resources */,
				DFEDB5B524FF766C00D46DBE /* Assets.xcassets in Resources */,
				B0BE257724FF709B00B93784 /* Assets.xcassets in Resources */,
				DFEDB5B724FF766C00D46DBE /* Main.storyboard in Resources */,
				B0BE256524FF709B00B93784 /* Preview Assets.xcassets in Resources */,
				B0BE257124FF709B00B93784 /* iconfinder_Puppy_5439767.png in Resources */,
				2F6760CF24FF6AD300708390 /* LaunchScreen.storyboard in Resources */,
				DFEDB5B624FF766C00D46DBE /* LaunchScreen.storyboard in Resources */,
				2F6760CC24FF6AD300708390 /* Preview Assets.xcassets in Resources */,
				B0BE256D24FF709B00B93784 /* coupon1.jpg in Resources */,
				B0BE256924FF709B00B93784 /* LaunchScreen.storyboard in Resources */,
				2F6760C924FF6AD300708390 /* Assets.xcassets in Resources */,
				B0BE256F24FF709B00B93784 /* Request-for-Corgi-Clip-Art-2016070754.png in Resources */,
				B0BE257624FF709B00B93784 /* Info.plist in Resources */,
			);
			runOnlyForDeploymentPostprocessing = 0;
		};
		2F6760D324FF6AD300708390 /* Resources */ = {
			isa = PBXResourcesBuildPhase;
			buildActionMask = 2147483647;
			files = (
			);
			runOnlyForDeploymentPostprocessing = 0;
		};
		2F6760DE24FF6AD300708390 /* Resources */ = {
			isa = PBXResourcesBuildPhase;
			buildActionMask = 2147483647;
			files = (
			);
			runOnlyForDeploymentPostprocessing = 0;
		};
/* End PBXResourcesBuildPhase section */

/* Begin PBXSourcesBuildPhase section */
		2F6760BB24FF6AD200708390 /* Sources */ = {
			isa = PBXSourcesBuildPhase;
			buildActionMask = 2147483647;
			files = (
				B0BE256624FF709B00B93784 /* AppDelegate.swift in Sources */,
				B0BE257524FF709B00B93784 /* CherryHomePage.swift in Sources */,
				B0BE256824FF709B00B93784 /* HomePage.swift in Sources */,
				B0BE257324FF709B00B93784 /* SceneDelegate.swift in Sources */,
				DFEDB5B824FF766C00D46DBE /* AppDelegate.swift in Sources */,
				DFEDB5BA24FF766C00D46DBE /* SceneDelegate.swift in Sources */,
				B0BE256B24FF709B00B93784 /* ContentView.swift in Sources */,
				DFEDB5B424FF766B00D46DBE /* QRscanerController.swift in Sources */,
				2F6760C324FF6AD200708390 /* AppDelegate.swift in Sources */,
				2F6760C524FF6AD200708390 /* SceneDelegate.swift in Sources */,
				B0BE256724FF709B00B93784 /* RewardsView.swift in Sources */,
				B0BE256A24FF709B00B93784 /* Post.swift in Sources */,
				2F6760C724FF6AD200708390 /* ContentView.swift in Sources */,
				B0BE257424FF709B00B93784 /* RewardsNavView.swift in Sources */,
				B0BE257824FF709B00B93784 /* vipBadge.swift in Sources */,
			);
			runOnlyForDeploymentPostprocessing = 0;
		};
		2F6760D124FF6AD300708390 /* Sources */ = {
			isa = PBXSourcesBuildPhase;
			buildActionMask = 2147483647;
			files = (
				2F6760DA24FF6AD300708390 /* EcoRewardTests.swift in Sources */,
			);
			runOnlyForDeploymentPostprocessing = 0;
		};
		2F6760DC24FF6AD300708390 /* Sources */ = {
			isa = PBXSourcesBuildPhase;
			buildActionMask = 2147483647;
			files = (
				2F6760E524FF6AD300708390 /* EcoRewardUITests.swift in Sources */,
			);
			runOnlyForDeploymentPostprocessing = 0;
		};
/* End PBXSourcesBuildPhase section */

/* Begin PBXTargetDependency section */
		2F6760D724FF6AD300708390 /* PBXTargetDependency */ = {
			isa = PBXTargetDependency;
			target = 2F6760BE24FF6AD200708390 /* EcoReward */;
			targetProxy = 2F6760D624FF6AD300708390 /* PBXContainerItemProxy */;
		};
		2F6760E224FF6AD300708390 /* PBXTargetDependency */ = {
			isa = PBXTargetDependency;
			target = 2F6760BE24FF6AD200708390 /* EcoReward */;
			targetProxy = 2F6760E124FF6AD300708390 /* PBXContainerItemProxy */;
		};
/* End PBXTargetDependency section */

/* Begin PBXVariantGroup section */
		2F6760CD24FF6AD300708390 /* LaunchScreen.storyboard */ = {
			isa = PBXVariantGroup;
			children = (
				2F6760CE24FF6AD300708390 /* Base */,
			);
			name = LaunchScreen.storyboard;
			sourceTree = "<group>";
		};
		DFEDB5AD24FF766B00D46DBE /* LaunchScreen.storyboard */ = {
			isa = PBXVariantGroup;
			children = (
				DFEDB5AE24FF766B00D46DBE /* Base */,
			);
			name = LaunchScreen.storyboard;
			sourceTree = "<group>";
		};
		DFEDB5AF24FF766B00D46DBE /* Main.storyboard */ = {
			isa = PBXVariantGroup;
			children = (
				DFEDB5B024FF766B00D46DBE /* Base */,
			);
			name = Main.storyboard;
			sourceTree = "<group>";
		};
/* End PBXVariantGroup section */

/* Begin XCBuildConfiguration section */
		2F6760E724FF6AD300708390 /* Debug */ = {
			isa = XCBuildConfiguration;
			buildSettings = {
				ALWAYS_SEARCH_USER_PATHS = NO;
				CLANG_ANALYZER_NONNULL = YES;
				CLANG_ANALYZER_NUMBER_OBJECT_CONVERSION = YES_AGGRESSIVE;
				CLANG_CXX_LANGUAGE_STANDARD = "gnu++14";
				CLANG_CXX_LIBRARY = "libc++";
				CLANG_ENABLE_MODULES = YES;
				CLANG_ENABLE_OBJC_ARC = YES;
				CLANG_ENABLE_OBJC_WEAK = YES;
				CLANG_WARN_BLOCK_CAPTURE_AUTORELEASING = YES;
				CLANG_WARN_BOOL_CONVERSION = YES;
				CLANG_WARN_COMMA = YES;
				CLANG_WARN_CONSTANT_CONVERSION = YES;
				CLANG_WARN_DEPRECATED_OBJC_IMPLEMENTATIONS = YES;
				CLANG_WARN_DIRECT_OBJC_ISA_USAGE = YES_ERROR;
				CLANG_WARN_DOCUMENTATION_COMMENTS = YES;
				CLANG_WARN_EMPTY_BODY = YES;
				CLANG_WARN_ENUM_CONVERSION = YES;
				CLANG_WARN_INFINITE_RECURSION = YES;
				CLANG_WARN_INT_CONVERSION = YES;
				CLANG_WARN_NON_LITERAL_NULL_CONVERSION = YES;
				CLANG_WARN_OBJC_IMPLICIT_RETAIN_SELF = YES;
				CLANG_WARN_OBJC_LITERAL_CONVERSION = YES;
				CLANG_WARN_OBJC_ROOT_CLASS = YES_ERROR;
				CLANG_WARN_RANGE_LOOP_ANALYSIS = YES;
				CLANG_WARN_STRICT_PROTOTYPES = YES;
				CLANG_WARN_SUSPICIOUS_MOVE = YES;
				CLANG_WARN_UNGUARDED_AVAILABILITY = YES_AGGRESSIVE;
				CLANG_WARN_UNREACHABLE_CODE = YES;
				CLANG_WARN__DUPLICATE_METHOD_MATCH = YES;
				COPY_PHASE_STRIP = NO;
				DEBUG_INFORMATION_FORMAT = dwarf;
				ENABLE_STRICT_OBJC_MSGSEND = YES;
				ENABLE_TESTABILITY = YES;
				GCC_C_LANGUAGE_STANDARD = gnu11;
				GCC_DYNAMIC_NO_PIC = NO;
				GCC_NO_COMMON_BLOCKS = YES;
				GCC_OPTIMIZATION_LEVEL = 0;
				GCC_PREPROCESSOR_DEFINITIONS = (
					"DEBUG=1",
					"$(inherited)",
				);
				GCC_WARN_64_TO_32_BIT_CONVERSION = YES;
				GCC_WARN_ABOUT_RETURN_TYPE = YES_ERROR;
				GCC_WARN_UNDECLARED_SELECTOR = YES;
				GCC_WARN_UNINITIALIZED_AUTOS = YES_AGGRESSIVE;
				GCC_WARN_UNUSED_FUNCTION = YES;
				GCC_WARN_UNUSED_VARIABLE = YES;
				IPHONEOS_DEPLOYMENT_TARGET = 13.2;
				MTL_ENABLE_DEBUG_INFO = INCLUDE_SOURCE;
				MTL_FAST_MATH = YES;
				ONLY_ACTIVE_ARCH = YES;
				SDKROOT = iphoneos;
				SWIFT_ACTIVE_COMPILATION_CONDITIONS = DEBUG;
				SWIFT_OPTIMIZATION_LEVEL = "-Onone";
			};
			name = Debug;
		};
		2F6760E824FF6AD300708390 /* Release */ = {
			isa = XCBuildConfiguration;
			buildSettings = {
				ALWAYS_SEARCH_USER_PATHS = NO;
				CLANG_ANALYZER_NONNULL = YES;
				CLANG_ANALYZER_NUMBER_OBJECT_CONVERSION = YES_AGGRESSIVE;
				CLANG_CXX_LANGUAGE_STANDARD = "gnu++14";
				CLANG_CXX_LIBRARY = "libc++";
				CLANG_ENABLE_MODULES = YES;
				CLANG_ENABLE_OBJC_ARC = YES;
				CLANG_ENABLE_OBJC_WEAK = YES;
				CLANG_WARN_BLOCK_CAPTURE_AUTORELEASING = YES;
				CLANG_WARN_BOOL_CONVERSION = YES;
				CLANG_WARN_COMMA = YES;
				CLANG_WARN_CONSTANT_CONVERSION = YES;
				CLANG_WARN_DEPRECATED_OBJC_IMPLEMENTATIONS = YES;
				CLANG_WARN_DIRECT_OBJC_ISA_USAGE = YES_ERROR;
				CLANG_WARN_DOCUMENTATION_COMMENTS = YES;
				CLANG_WARN_EMPTY_BODY = YES;
				CLANG_WARN_ENUM_CONVERSION = YES;
				CLANG_WARN_INFINITE_RECURSION = YES;
				CLANG_WARN_INT_CONVERSION = YES;
				CLANG_WARN_NON_LITERAL_NULL_CONVERSION = YES;
				CLANG_WARN_OBJC_IMPLICIT_RETAIN_SELF = YES;
				CLANG_WARN_OBJC_LITERAL_CONVERSION = YES;
				CLANG_WARN_OBJC_ROOT_CLASS = YES_ERROR;
				CLANG_WARN_RANGE_LOOP_ANALYSIS = YES;
				CLANG_WARN_STRICT_PROTOTYPES = YES;
				CLANG_WARN_SUSPICIOUS_MOVE = YES;
				CLANG_WARN_UNGUARDED_AVAILABILITY = YES_AGGRESSIVE;
				CLANG_WARN_UNREACHABLE_CODE = YES;
				CLANG_WARN__DUPLICATE_METHOD_MATCH = YES;
				COPY_PHASE_STRIP = NO;
				DEBUG_INFORMATION_FORMAT = "dwarf-with-dsym";
				ENABLE_NS_ASSERTIONS = NO;
				ENABLE_STRICT_OBJC_MSGSEND = YES;
				GCC_C_LANGUAGE_STANDARD = gnu11;
				GCC_NO_COMMON_BLOCKS = YES;
				GCC_WARN_64_TO_32_BIT_CONVERSION = YES;
				GCC_WARN_ABOUT_RETURN_TYPE = YES_ERROR;
				GCC_WARN_UNDECLARED_SELECTOR = YES;
				GCC_WARN_UNINITIALIZED_AUTOS = YES_AGGRESSIVE;
				GCC_WARN_UNUSED_FUNCTION = YES;
				GCC_WARN_UNUSED_VARIABLE = YES;
				IPHONEOS_DEPLOYMENT_TARGET = 13.2;
				MTL_ENABLE_DEBUG_INFO = NO;
				MTL_FAST_MATH = YES;
				SDKROOT = iphoneos;
				SWIFT_COMPILATION_MODE = wholemodule;
				SWIFT_OPTIMIZATION_LEVEL = "-O";
				VALIDATE_PRODUCT = YES;
			};
			name = Release;
		};
		2F6760EA24FF6AD300708390 /* Debug */ = {
			isa = XCBuildConfiguration;
			buildSettings = {
				ASSETCATALOG_COMPILER_APPICON_NAME = AppIcon;
				CODE_SIGN_STYLE = Automatic;
				DEVELOPMENT_ASSET_PATHS = "\"EcoReward/Preview Content\"";
				DEVELOPMENT_TEAM = F7NEY33KN7;
				ENABLE_PREVIEWS = YES;
				INFOPLIST_FILE = EcoReward/Info.plist;
				LD_RUNPATH_SEARCH_PATHS = (
					"$(inherited)",
					"@executable_path/Frameworks",
				);
				PRODUCT_BUNDLE_IDENTIFIER = com.EcoReward;
				PRODUCT_NAME = "$(TARGET_NAME)";
				SWIFT_VERSION = 5.0;
				TARGETED_DEVICE_FAMILY = "1,2";
			};
			name = Debug;
		};
		2F6760EB24FF6AD300708390 /* Release */ = {
			isa = XCBuildConfiguration;
			buildSettings = {
				ASSETCATALOG_COMPILER_APPICON_NAME = AppIcon;
				CODE_SIGN_STYLE = Automatic;
				DEVELOPMENT_ASSET_PATHS = "\"EcoReward/Preview Content\"";
				DEVELOPMENT_TEAM = F7NEY33KN7;
				ENABLE_PREVIEWS = YES;
				INFOPLIST_FILE = EcoReward/Info.plist;
				LD_RUNPATH_SEARCH_PATHS = (
					"$(inherited)",
					"@executable_path/Frameworks",
				);
				PRODUCT_BUNDLE_IDENTIFIER = com.EcoReward;
				PRODUCT_NAME = "$(TARGET_NAME)";
				SWIFT_VERSION = 5.0;
				TARGETED_DEVICE_FAMILY = "1,2";
			};
			name = Release;
		};
		2F6760ED24FF6AD300708390 /* Debug */ = {
			isa = XCBuildConfiguration;
			buildSettings = {
				ALWAYS_EMBED_SWIFT_STANDARD_LIBRARIES = YES;
				BUNDLE_LOADER = "$(TEST_HOST)";
				CODE_SIGN_STYLE = Automatic;
				DEVELOPMENT_TEAM = F7NEY33KN7;
				INFOPLIST_FILE = EcoRewardTests/Info.plist;
				IPHONEOS_DEPLOYMENT_TARGET = 13.2;
				LD_RUNPATH_SEARCH_PATHS = (
					"$(inherited)",
					"@executable_path/Frameworks",
					"@loader_path/Frameworks",
				);
				PRODUCT_BUNDLE_IDENTIFIER = com.EcoRewardTests;
				PRODUCT_NAME = "$(TARGET_NAME)";
				SWIFT_VERSION = 5.0;
				TARGETED_DEVICE_FAMILY = "1,2";
				TEST_HOST = "$(BUILT_PRODUCTS_DIR)/EcoReward.app/EcoReward";
			};
			name = Debug;
		};
		2F6760EE24FF6AD300708390 /* Release */ = {
			isa = XCBuildConfiguration;
			buildSettings = {
				ALWAYS_EMBED_SWIFT_STANDARD_LIBRARIES = YES;
				BUNDLE_LOADER = "$(TEST_HOST)";
				CODE_SIGN_STYLE = Automatic;
				DEVELOPMENT_TEAM = F7NEY33KN7;
				INFOPLIST_FILE = EcoRewardTests/Info.plist;
				IPHONEOS_DEPLOYMENT_TARGET = 13.2;
				LD_RUNPATH_SEARCH_PATHS = (
					"$(inherited)",
					"@executable_path/Frameworks",
					"@loader_path/Frameworks",
				);
				PRODUCT_BUNDLE_IDENTIFIER = com.EcoRewardTests;
				PRODUCT_NAME = "$(TARGET_NAME)";
				SWIFT_VERSION = 5.0;
				TARGETED_DEVICE_FAMILY = "1,2";
				TEST_HOST = "$(BUILT_PRODUCTS_DIR)/EcoReward.app/EcoReward";
			};
			name = Release;
		};
		2F6760F024FF6AD300708390 /* Debug */ = {
			isa = XCBuildConfiguration;
			buildSettings = {
				ALWAYS_EMBED_SWIFT_STANDARD_LIBRARIES = YES;
				CODE_SIGN_STYLE = Automatic;
				DEVELOPMENT_TEAM = F7NEY33KN7;
				INFOPLIST_FILE = EcoRewardUITests/Info.plist;
				LD_RUNPATH_SEARCH_PATHS = (
					"$(inherited)",
					"@executable_path/Frameworks",
					"@loader_path/Frameworks",
				);
				PRODUCT_BUNDLE_IDENTIFIER = com.EcoRewardUITests;
				PRODUCT_NAME = "$(TARGET_NAME)";
				SWIFT_VERSION = 5.0;
				TARGETED_DEVICE_FAMILY = "1,2";
				TEST_TARGET_NAME = EcoReward;
			};
			name = Debug;
		};
		2F6760F124FF6AD300708390 /* Release */ = {
			isa = XCBuildConfiguration;
			buildSettings = {
				ALWAYS_EMBED_SWIFT_STANDARD_LIBRARIES = YES;
				CODE_SIGN_STYLE = Automatic;
				DEVELOPMENT_TEAM = F7NEY33KN7;
				INFOPLIST_FILE = EcoRewardUITests/Info.plist;
				LD_RUNPATH_SEARCH_PATHS = (
					"$(inherited)",
					"@executable_path/Frameworks",
					"@loader_path/Frameworks",
				);
				PRODUCT_BUNDLE_IDENTIFIER = com.EcoRewardUITests;
				PRODUCT_NAME = "$(TARGET_NAME)";
				SWIFT_VERSION = 5.0;
				TARGETED_DEVICE_FAMILY = "1,2";
				TEST_TARGET_NAME = EcoReward;
			};
			name = Release;
		};
/* End XCBuildConfiguration section */

/* Begin XCConfigurationList section */
		2F6760BA24FF6AD200708390 /* Build configuration list for PBXProject "EcoReward" */ = {
			isa = XCConfigurationList;
			buildConfigurations = (
				2F6760E724FF6AD300708390 /* Debug */,
				2F6760E824FF6AD300708390 /* Release */,
			);
			defaultConfigurationIsVisible = 0;
			defaultConfigurationName = Release;
		};
		2F6760E924FF6AD300708390 /* Build configuration list for PBXNativeTarget "EcoReward" */ = {
			isa = XCConfigurationList;
			buildConfigurations = (
				2F6760EA24FF6AD300708390 /* Debug */,
				2F6760EB24FF6AD300708390 /* Release */,
			);
			defaultConfigurationIsVisible = 0;
			defaultConfigurationName = Release;
		};
		2F6760EC24FF6AD300708390 /* Build configuration list for PBXNativeTarget "EcoRewardTests" */ = {
			isa = XCConfigurationList;
			buildConfigurations = (
				2F6760ED24FF6AD300708390 /* Debug */,
				2F6760EE24FF6AD300708390 /* Release */,
			);
			defaultConfigurationIsVisible = 0;
			defaultConfigurationName = Release;
		};
		2F6760EF24FF6AD300708390 /* Build configuration list for PBXNativeTarget "EcoRewardUITests" */ = {
			isa = XCConfigurationList;
			buildConfigurations = (
				2F6760F024FF6AD300708390 /* Debug */,
				2F6760F124FF6AD300708390 /* Release */,
			);
			defaultConfigurationIsVisible = 0;
			defaultConfigurationName = Release;
		};
/* End XCConfigurationList section */
	};
	rootObject = 2F6760B724FF6AD200708390 /* Project object */;
}
